
Microsoft Visual Studio Solution File, Format Version 12.00
# Visual Studio Version 16
VisualStudioVersion = 16.0.30503.244
MinimumVisualStudioVersion = 10.0.40219.1
Project("{8BC9CEB8-8B4A-11D0-8D11-00A0C91BC942}") = "u2_prcpp_set", "u2_prcpp_set.vcxproj", "{1E98EE25-C52A-4268-87B1-453B5FA0DB06}"
EndProject
Project("{8BC9CEB8-8B4A-11D0-8D11-00A0C91BC942}") = "Console", "Console\Console.vcxproj", "{3484CB1E-143E-4DDE-A746-BF25BE1BFBE6}"
EndProject
Project("{8BC9CEB8-8B4A-11D0-8D11-00A0C91BC942}") = "MySet", "MySet\MySet.vcxproj", "{03DEB3B3-BBCB-4196-BC10-34C75D1B4390}"
EndProject
Project("{8BC9CEB8-8B4A-11D0-8D11-00A0C91BC942}") = "UnitTest", "UnitTest\UnitTest.vcxproj", "{796150D4-3B52-428E-970E-75C8B1DE7F69}"
EndProject
Global
	GlobalSection(SolutionConfigurationPlatforms) = preSolution
		Debug|x64 = Debug|x64
		Debug|x86 = Debug|x86
		Release|x64 = Release|x64
		Release|x86 = Release|x86
	EndGlobalSection
	GlobalSection(ProjectConfigurationPlatforms) = postSolution
		{1E98EE25-C52A-4268-87B1-453B5FA0DB06}.Debug|x64.ActiveCfg = Debug|x64
		{1E98EE25-C52A-4268-87B1-453B5FA0DB06}.Debug|x64.Build.0 = Debug|x64
		{1E98EE25-C52A-4268-87B1-453B5FA0DB06}.Debug|x86.ActiveCfg = Debug|Win32
		{1E98EE25-C52A-4268-87B1-453B5FA0DB06}.Debug|x86.Build.0 = Debug|Win32
		{1E98EE25-C52A-4268-87B1-453B5FA0DB06}.Release|x64.ActiveCfg = Release|x64
		{1E98EE25-C52A-4268-87B1-453B5FA0DB06}.Release|x64.Build.0 = Release|x64
		{1E98EE25-C52A-4268-87B1-453B5FA0DB06}.Release|x86.ActiveCfg = Release|Win32
		{1E98EE25-C52A-4268-87B1-453B5FA0DB06}.Release|x86.Build.0 = Release|Win32
		{3484CB1E-143E-4DDE-A746-BF25BE1BFBE6}.Debug|x64.ActiveCfg = Debug|x64
		{3484CB1E-143E-4DDE-A746-BF25BE1BFBE6}.Debug|x64.Build.0 = Debug|x64
		{3484CB1E-143E-4DDE-A746-BF25BE1BFBE6}.Debug|x86.ActiveCfg = Debug|Win32
		{3484CB1E-143E-4DDE-A746-BF25BE1BFBE6}.Debug|x86.Build.0 = Debug|Win32
		{3484CB1E-143E-4DDE-A746-BF25BE1BFBE6}.Release|x64.ActiveCfg = Release|x64
		{3484CB1E-143E-4DDE-A746-BF25BE1BFBE6}.Release|x64.Build.0 = Release|x64
		{3484CB1E-143E-4DDE-A746-BF25BE1BFBE6}.Release|x86.ActiveCfg = Release|Win32
		{3484CB1E-143E-4DDE-A746-BF25BE1BFBE6}.Release|x86.Build.0 = Release|Win32
		{03DEB3B3-BBCB-4196-BC10-34C75D1B4390}.Debug|x64.ActiveCfg = Debug|x64
		{03DEB3B3-BBCB-4196-BC10-34C75D1B4390}.Debug|x64.Build.0 = Debug|x64
		{03DEB3B3-BBCB-4196-BC10-34C75D1B4390}.Debug|x86.ActiveCfg = Debug|Win32
		{03DEB3B3-BBCB-4196-BC10-34C75D1B4390}.Debug|x86.Build.0 = Debug|Win32
		{03DEB3B3-BBCB-4196-BC10-34C75D1B4390}.Release|x64.ActiveCfg = Release|x64
		{03DEB3B3-BBCB-4196-BC10-34C75D1B4390}.Release|x64.Build.0 = Release|x64
		{03DEB3B3-BBCB-4196-BC10-34C75D1B4390}.Release|x86.ActiveCfg = Release|Win32
		{03DEB3B3-BBCB-4196-BC10-34C75D1B4390}.Release|x86.Build.0 = Release|Win32
		{796150D4-3B52-428E-970E-75C8B1DE7F69}.Debug|x64.ActiveCfg = Debug|x64
		{796150D4-3B52-428E-970E-75C8B1DE7F69}.Debug|x64.Build.0 = Debug|x64
		{796150D4-3B52-428E-970E-75C8B1DE7F69}.Debug|x86.ActiveCfg = Debug|Win32
		{796150D4-3B52-428E-970E-75C8B1DE7F69}.Debug|x86.Build.0 = Debug|Win32
		{796150D4-3B52-428E-970E-75C8B1DE7F69}.Release|x64.ActiveCfg = Release|x64
		{796150D4-3B52-428E-970E-75C8B1DE7F69}.Release|x64.Build.0 = Release|x64
		{796150D4-3B52-428E-970E-75C8B1DE7F69}.Release|x86.ActiveCfg = Release|Win32
		{796150D4-3B52-428E-970E-75C8B1DE7F69}.Release|x86.Build.0 = Release|Win32
	EndGlobalSection
	GlobalSection(SolutionProperties) = preSolution
		HideSolutionNode = FALSE
	EndGlobalSection
	GlobalSection(ExtensibilityGlobals) = postSolution
		SolutionGuid = {E175769E-BC19-4AB3-BEC1-0162EA29CC3A}
	EndGlobalSection
EndGlobal
